
Microsoft Visual Studio Solution File, Format Version 12.00
# Visual Studio Version 16
VisualStudioVersion = 16.0.33214.272
MinimumVisualStudioVersion = 10.0.40219.1
Project("{9A19103F-16F7-4668-BE54-9A1E7A4F7556}") = "WebAssembly", "WebAssembly\WebAssembly.csproj", "{BA731195-7816-4EA8-B9E6-3688BF0FE56A}"
EndProject
Project("{9A19103F-16F7-4668-BE54-9A1E7A4F7556}") = "EmployeeManagement.Models", "EmployeeManagement.Models\EmployeeManagement.Models.csproj", "{66571DD4-A650-4466-B229-CC465778D24C}"
EndProject
Project("{9A19103F-16F7-4668-BE54-9A1E7A4F7556}") = "WebSeverApi", "WebSeverApi\WebSeverApi.csproj", "{F37AB65E-7DD4-4975-9627-A0872425D5D4}"
EndProject
Global
	GlobalSection(SolutionConfigurationPlatforms) = preSolution
		Debug|Any CPU = Debug|Any CPU
		Release|Any CPU = Release|Any CPU
	EndGlobalSection
	GlobalSection(ProjectConfigurationPlatforms) = postSolution
		{BA731195-7816-4EA8-B9E6-3688BF0FE56A}.Debug|Any CPU.ActiveCfg = Debug|Any CPU
		{BA731195-7816-4EA8-B9E6-3688BF0FE56A}.Debug|Any CPU.Build.0 = Debug|Any CPU
		{BA731195-7816-4EA8-B9E6-3688BF0FE56A}.Release|Any CPU.ActiveCfg = Release|Any CPU
		{BA731195-7816-4EA8-B9E6-3688BF0FE56A}.Release|Any CPU.Build.0 = Release|Any CPU
		{66571DD4-A650-4466-B229-CC465778D24C}.Debug|Any CPU.ActiveCfg = Debug|Any CPU
		{66571DD4-A650-4466-B229-CC465778D24C}.Debug|Any CPU.Build.0 = Debug|Any CPU
		{66571DD4-A650-4466-B229-CC465778D24C}.Release|Any CPU.ActiveCfg = Release|Any CPU
		{66571DD4-A650-4466-B229-CC465778D24C}.Release|Any CPU.Build.0 = Release|Any CPU
		{F37AB65E-7DD4-4975-9627-A0872425D5D4}.Debug|Any CPU.ActiveCfg = Debug|Any CPU
		{F37AB65E-7DD4-4975-9627-A0872425D5D4}.Debug|Any CPU.Build.0 = Debug|Any CPU
		{F37AB65E-7DD4-4975-9627-A0872425D5D4}.Release|Any CPU.ActiveCfg = Release|Any CPU
		{F37AB65E-7DD4-4975-9627-A0872425D5D4}.Release|Any CPU.Build.0 = Release|Any CPU
	EndGlobalSection
	GlobalSection(SolutionProperties) = preSolution
		HideSolutionNode = FALSE
	EndGlobalSection
	GlobalSection(ExtensibilityGlobals) = postSolution
		SolutionGuid = {B3AACED8-6641-46F7-A14F-604A04FD76F8}
	EndGlobalSection
EndGlobal
